
Microsoft Visual Studio Solution File, Format Version 12.00
Project("{FAE04EC0-301F-11D3-BF4B-00C04F79EFBC}") = "server", "server\server.csproj", "{F67DB260-C4C9-4A60-8093-D6EE24851D3A}"
EndProject
Global
	GlobalSection(SolutionConfigurationPlatforms) = preSolution
		Debug|Any CPU = Debug|Any CPU
		Release|Any CPU = Release|Any CPU
	EndGlobalSection
	GlobalSection(ProjectConfigurationPlatforms) = postSolution
		{F67DB260-C4C9-4A60-8093-D6EE24851D3A}.Debug|Any CPU.ActiveCfg = Debug|Any CPU
		{F67DB260-C4C9-4A60-8093-D6EE24851D3A}.Debug|Any CPU.Build.0 = Debug|Any CPU
		{F67DB260-C4C9-4A60-8093-D6EE24851D3A}.Release|Any CPU.ActiveCfg = Release|Any CPU
		{F67DB260-C4C9-4A60-8093-D6EE24851D3A}.Release|Any CPU.Build.0 = Release|Any CPU
	EndGlobalSection
EndGlobal
